
Microsoft Visual Studio Solution File, Format Version 12.00
# Visual Studio 15
VisualStudioVersion = 15.0.28307.329
MinimumVisualStudioVersion = 10.0.40219.1
Project("{FAE04EC0-301F-11D3-BF4B-00C04F79EFBC}") = "WPF", "WPF\WPF.csproj", "{8654FC2B-B6AE-4B51-B87B-921867384CC0}"
EndProject
Project("{FAE04EC0-301F-11D3-BF4B-00C04F79EFBC}") = "ObjectModel", "ObjectModel\ObjectModel.csproj", "{32F40821-C412-4645-947F-956664569C61}"
EndProject
Project("{FAE04EC0-301F-11D3-BF4B-00C04F79EFBC}") = "DataExtraction", "DataExtraction\DataExtraction.csproj", "{FF5A5AFE-C11A-4FCB-B62A-3B149D2DF7F3}"
EndProject
Project("{FAE04EC0-301F-11D3-BF4B-00C04F79EFBC}") = "Designer", "Designer\Designer.csproj", "{C4A516C7-4121-4253-A054-7DF954AB724F}"
EndProject
Project("{FAE04EC0-301F-11D3-BF4B-00C04F79EFBC}") = "DataExtraction.Testing", "DataExtraction.Testing\DataExtraction.Testing.csproj", "{79861615-C824-4EAB-A1D0-1E0FEF1A5E89}"
EndProject
Project("{2150E333-8FDC-42A3-9474-1A3956D46DE8}") = "UnitTests", "UnitTests", "{3955F0AB-5307-472F-B24F-DE31FC33DAE5}"
EndProject
Project("{FAE04EC0-301F-11D3-BF4B-00C04F79EFBC}") = "DesignerUnitTests", "DesignerUnitTests\DesignerUnitTests.csproj", "{24945FFE-4A8C-4B75-A41D-3D5310606FE2}"
EndProject
Global
	GlobalSection(SolutionConfigurationPlatforms) = preSolution
		Debug|Any CPU = Debug|Any CPU
		Release|Any CPU = Release|Any CPU
	EndGlobalSection
	GlobalSection(ProjectConfigurationPlatforms) = postSolution
		{8654FC2B-B6AE-4B51-B87B-921867384CC0}.Debug|Any CPU.ActiveCfg = Debug|Any CPU
		{8654FC2B-B6AE-4B51-B87B-921867384CC0}.Debug|Any CPU.Build.0 = Debug|Any CPU
		{8654FC2B-B6AE-4B51-B87B-921867384CC0}.Release|Any CPU.ActiveCfg = Release|Any CPU
		{8654FC2B-B6AE-4B51-B87B-921867384CC0}.Release|Any CPU.Build.0 = Release|Any CPU
		{32F40821-C412-4645-947F-956664569C61}.Debug|Any CPU.ActiveCfg = Debug|Any CPU
		{32F40821-C412-4645-947F-956664569C61}.Debug|Any CPU.Build.0 = Debug|Any CPU
		{32F40821-C412-4645-947F-956664569C61}.Release|Any CPU.ActiveCfg = Release|Any CPU
		{32F40821-C412-4645-947F-956664569C61}.Release|Any CPU.Build.0 = Release|Any CPU
		{FF5A5AFE-C11A-4FCB-B62A-3B149D2DF7F3}.Debug|Any CPU.ActiveCfg = Debug|Any CPU
		{FF5A5AFE-C11A-4FCB-B62A-3B149D2DF7F3}.Debug|Any CPU.Build.0 = Debug|Any CPU
		{FF5A5AFE-C11A-4FCB-B62A-3B149D2DF7F3}.Release|Any CPU.ActiveCfg = Release|Any CPU
		{FF5A5AFE-C11A-4FCB-B62A-3B149D2DF7F3}.Release|Any CPU.Build.0 = Release|Any CPU
		{C4A516C7-4121-4253-A054-7DF954AB724F}.Debug|Any CPU.ActiveCfg = Debug|Any CPU
		{C4A516C7-4121-4253-A054-7DF954AB724F}.Debug|Any CPU.Build.0 = Debug|Any CPU
		{C4A516C7-4121-4253-A054-7DF954AB724F}.Release|Any CPU.ActiveCfg = Release|Any CPU
		{C4A516C7-4121-4253-A054-7DF954AB724F}.Release|Any CPU.Build.0 = Release|Any CPU
		{79861615-C824-4EAB-A1D0-1E0FEF1A5E89}.Debug|Any CPU.ActiveCfg = Debug|Any CPU
		{79861615-C824-4EAB-A1D0-1E0FEF1A5E89}.Debug|Any CPU.Build.0 = Debug|Any CPU
		{79861615-C824-4EAB-A1D0-1E0FEF1A5E89}.Release|Any CPU.ActiveCfg = Release|Any CPU
		{79861615-C824-4EAB-A1D0-1E0FEF1A5E89}.Release|Any CPU.Build.0 = Release|Any CPU
		{24945FFE-4A8C-4B75-A41D-3D5310606FE2}.Debug|Any CPU.ActiveCfg = Debug|Any CPU
		{24945FFE-4A8C-4B75-A41D-3D5310606FE2}.Debug|Any CPU.Build.0 = Debug|Any CPU
		{24945FFE-4A8C-4B75-A41D-3D5310606FE2}.Release|Any CPU.ActiveCfg = Release|Any CPU
		{24945FFE-4A8C-4B75-A41D-3D5310606FE2}.Release|Any CPU.Build.0 = Release|Any CPU
	EndGlobalSection
	GlobalSection(SolutionProperties) = preSolution
		HideSolutionNode = FALSE
	EndGlobalSection
	GlobalSection(NestedProjects) = preSolution
		{24945FFE-4A8C-4B75-A41D-3D5310606FE2} = {3955F0AB-5307-472F-B24F-DE31FC33DAE5}
	EndGlobalSection
	GlobalSection(ExtensibilityGlobals) = postSolution
		SolutionGuid = {20C21D1C-35B6-4C82-86E8-4D6F0113011F}
	EndGlobalSection
EndGlobal
