
Microsoft Visual Studio Solution File, Format Version 12.00
# Visual Studio 15
VisualStudioVersion = 15.0.28307.329
MinimumVisualStudioVersion = 10.0.40219.1
Project("{FAE04EC0-301F-11D3-BF4B-00C04F79EFBC}") = "WPF", "WPF\WPF.csproj", "{8654FC2B-B6AE-4B51-B87B-921867384CC0}"
EndProject
Global
	GlobalSection(SolutionConfigurationPlatforms) = preSolution
		Debug|Any CPU = Debug|Any CPU
		Release|Any CPU = Release|Any CPU
	EndGlobalSection
	GlobalSection(ProjectConfigurationPlatforms) = postSolution
		{8654FC2B-B6AE-4B51-B87B-921867384CC0}.Debug|Any CPU.ActiveCfg = Debug|Any CPU
		{8654FC2B-B6AE-4B51-B87B-921867384CC0}.Debug|Any CPU.Build.0 = Debug|Any CPU
		{8654FC2B-B6AE-4B51-B87B-921867384CC0}.Release|Any CPU.ActiveCfg = Release|Any CPU
		{8654FC2B-B6AE-4B51-B87B-921867384CC0}.Release|Any CPU.Build.0 = Release|Any CPU
	EndGlobalSection
	GlobalSection(SolutionProperties) = preSolution
		HideSolutionNode = FALSE
	EndGlobalSection
	GlobalSection(ExtensibilityGlobals) = postSolution
		SolutionGuid = {20C21D1C-35B6-4C82-86E8-4D6F0113011F}
	EndGlobalSection
EndGlobal
